
Microsoft Visual Studio Solution File, Format Version 12.00
# Visual Studio Version 17
VisualStudioVersion = 17.1.32421.90
MinimumVisualStudioVersion = 10.0.40219.1
Project("{FAE04EC0-301F-11D3-BF4B-00C04F79EFBC}") = "FiltersExample", "FiltersExample\FiltersExample.csproj", "{987DBD5F-77DC-4140-945A-4996F14B5B83}"
EndProject
Global
	GlobalSection(SolutionConfigurationPlatforms) = preSolution
		Debug|Any CPU = Debug|Any CPU
		Release|Any CPU = Release|Any CPU
	EndGlobalSection
	GlobalSection(ProjectConfigurationPlatforms) = postSolution
		{987DBD5F-77DC-4140-945A-4996F14B5B83}.Debug|Any CPU.ActiveCfg = Debug|Any CPU
		{987DBD5F-77DC-4140-945A-4996F14B5B83}.Debug|Any CPU.Build.0 = Debug|Any CPU
		{987DBD5F-77DC-4140-945A-4996F14B5B83}.Release|Any CPU.ActiveCfg = Release|Any CPU
		{987DBD5F-77DC-4140-945A-4996F14B5B83}.Release|Any CPU.Build.0 = Release|Any CPU
	EndGlobalSection
	GlobalSection(SolutionProperties) = preSolution
		HideSolutionNode = FALSE
	EndGlobalSection
	GlobalSection(ExtensibilityGlobals) = postSolution
		SolutionGuid = {F38CD69D-57A2-4BB6-A225-2B95DA5CF825}
	EndGlobalSection
EndGlobal
